
Microsoft Visual Studio Solution File, Format Version 12.00
# Visual Studio Version 17
VisualStudioVersion = 17.2.32630.192
MinimumVisualStudioVersion = 10.0.40219.1
Project("{FAE04EC0-301F-11D3-BF4B-00C04F79EFBC}") = "LoginForm", "LoginForm\LoginForm.csproj", "{050B7ACA-AC00-4E5A-9A2F-18AFC9F0C6BB}"
EndProject
Global
	GlobalSection(SolutionConfigurationPlatforms) = preSolution
		Debug|Any CPU = Debug|Any CPU
		Release|Any CPU = Release|Any CPU
	EndGlobalSection
	GlobalSection(ProjectConfigurationPlatforms) = postSolution
		{050B7ACA-AC00-4E5A-9A2F-18AFC9F0C6BB}.Debug|Any CPU.ActiveCfg = Debug|Any CPU
		{050B7ACA-AC00-4E5A-9A2F-18AFC9F0C6BB}.Debug|Any CPU.Build.0 = Debug|Any CPU
		{050B7ACA-AC00-4E5A-9A2F-18AFC9F0C6BB}.Release|Any CPU.ActiveCfg = Release|Any CPU
		{050B7ACA-AC00-4E5A-9A2F-18AFC9F0C6BB}.Release|Any CPU.Build.0 = Release|Any CPU
	EndGlobalSection
	GlobalSection(SolutionProperties) = preSolution
		HideSolutionNode = FALSE
	EndGlobalSection
	GlobalSection(ExtensibilityGlobals) = postSolution
		SolutionGuid = {31BF76DD-7C07-4DE7-A63C-39CC4B9D16C0}
	EndGlobalSection
EndGlobal
